
Microsoft Visual Studio Solution File, Format Version 12.00
# Visual Studio Version 16
VisualStudioVersion = 16.0.31112.23
MinimumVisualStudioVersion = 10.0.40219.1
Project("{8BC9CEB8-8B4A-11D0-8D11-00A0C91BC942}") = "HelloWorld", "HelloWorld\HelloWorld.vcxproj", "{FD48DAD7-2631-4DAB-B670-442819307A4A}"
EndProject
Project("{8BC9CEB8-8B4A-11D0-8D11-00A0C91BC942}") = "PrimitiveDataTypes", "PrimitiveDataTypes\PrimitiveDataTypes\PrimitiveDataTypes.vcxproj", "{E90DB324-DFCB-4039-BE9C-70094664551C}"
EndProject
Project("{8BC9CEB8-8B4A-11D0-8D11-00A0C91BC942}") = "UserDataTypes", "UserDataTypes\UserDataTypes.vcxproj", "{416C7F59-6122-4AA2-AB1E-02341CBD5334}"
EndProject
Project("{8BC9CEB8-8B4A-11D0-8D11-00A0C91BC942}") = "Memory", "Memory\Memory.vcxproj", "{E1387C9B-53C2-44CC-9C98-8A2F77E5D3B4}"
EndProject
Project("{8BC9CEB8-8B4A-11D0-8D11-00A0C91BC942}") = "LinkedInLearningC", "LinkedInLearningC\LinkedInLearningC.vcxproj", "{D3BE09BB-FCBA-4C65-8814-CAD58138CDED}"
EndProject
Project("{8BC9CEB8-8B4A-11D0-8D11-00A0C91BC942}") = "MemoryReview2", "MemoryReview2\MemoryReview2.vcxproj", "{28628A2B-0B86-4E31-901C-9B8B88E3C19B}"
EndProject
Project("{8BC9CEB8-8B4A-11D0-8D11-00A0C91BC942}") = "OOP", "OOP\OOP.vcxproj", "{3480CD1D-F14C-469A-A3DD-71304CD249AA}"
EndProject
Project("{8BC9CEB8-8B4A-11D0-8D11-00A0C91BC942}") = "Database", "Database\Database.vcxproj", "{A40007EB-6DAA-4C31-AAF9-5D88CD65A0DD}"
EndProject
Project("{8BC9CEB8-8B4A-11D0-8D11-00A0C91BC942}") = "Stream", "Stream\Stream.vcxproj", "{C05609CF-22F6-444B-89D1-0C890801BC27}"
EndProject
Project("{8BC9CEB8-8B4A-11D0-8D11-00A0C91BC942}") = "Operators", "Operators\Operators.vcxproj", "{B6A5BF18-F2AE-4E16-B7AA-D43EC6CBBC2B}"
EndProject
Project("{8BC9CEB8-8B4A-11D0-8D11-00A0C91BC942}") = "Parameters", "Parameters\Parameters.vcxproj", "{980FEC64-1E38-4336-80E2-1484741B91BA}"
EndProject
Project("{8BC9CEB8-8B4A-11D0-8D11-00A0C91BC942}") = "Array", "Array\Array.vcxproj", "{CC5AEE00-D604-4153-8854-0CD6A3F36873}"
EndProject
Project("{8BC9CEB8-8B4A-11D0-8D11-00A0C91BC942}") = "Templates", "Templates\Templates.vcxproj", "{E1393D5A-377C-43A2-9E3C-3B8AFAF6ADA0}"
EndProject
Project("{8BC9CEB8-8B4A-11D0-8D11-00A0C91BC942}") = "Vector", "Vector\Vector.vcxproj", "{DDA2D9B0-DF3A-4FF3-AD19-F802C2B2194C}"
EndProject
Project("{8BC9CEB8-8B4A-11D0-8D11-00A0C91BC942}") = "List", "List\List.vcxproj", "{A9C031EF-9460-4E81-BD73-281A1066F3D1}"
EndProject
Project("{8BC9CEB8-8B4A-11D0-8D11-00A0C91BC942}") = "Containers", "Containers\Containers.vcxproj", "{B2676E11-1B49-48B0-98D4-C7EC3DD2E1E4}"
EndProject
Project("{8BC9CEB8-8B4A-11D0-8D11-00A0C91BC942}") = "Iterators", "Iterators\Iterators.vcxproj", "{58935A75-939B-47F3-9212-A61B1ECC273C}"
EndProject
Project("{8BC9CEB8-8B4A-11D0-8D11-00A0C91BC942}") = "Pointers", "Pointers\Pointers.vcxproj", "{63B065C7-061D-40D3-8BCD-54B9366398FE}"
EndProject
Project("{8BC9CEB8-8B4A-11D0-8D11-00A0C91BC942}") = "Bits", "Bits\Bits.vcxproj", "{B2D29C27-197D-489D-9411-37A96E385C81}"
EndProject
Project("{8BC9CEB8-8B4A-11D0-8D11-00A0C91BC942}") = "Debugging", "Debugging\Debugging.vcxproj", "{305A1E77-FE76-461E-B898-23CC54CD83AC}"
EndProject
Global
	GlobalSection(SolutionConfigurationPlatforms) = preSolution
		Debug|x64 = Debug|x64
		Debug|x86 = Debug|x86
		Release|x64 = Release|x64
		Release|x86 = Release|x86
	EndGlobalSection
	GlobalSection(ProjectConfigurationPlatforms) = postSolution
		{FD48DAD7-2631-4DAB-B670-442819307A4A}.Debug|x64.ActiveCfg = Debug|x64
		{FD48DAD7-2631-4DAB-B670-442819307A4A}.Debug|x64.Build.0 = Debug|x64
		{FD48DAD7-2631-4DAB-B670-442819307A4A}.Debug|x86.ActiveCfg = Debug|Win32
		{FD48DAD7-2631-4DAB-B670-442819307A4A}.Debug|x86.Build.0 = Debug|Win32
		{FD48DAD7-2631-4DAB-B670-442819307A4A}.Release|x64.ActiveCfg = Release|x64
		{FD48DAD7-2631-4DAB-B670-442819307A4A}.Release|x64.Build.0 = Release|x64
		{FD48DAD7-2631-4DAB-B670-442819307A4A}.Release|x86.ActiveCfg = Release|Win32
		{FD48DAD7-2631-4DAB-B670-442819307A4A}.Release|x86.Build.0 = Release|Win32
		{E90DB324-DFCB-4039-BE9C-70094664551C}.Debug|x64.ActiveCfg = Debug|x64
		{E90DB324-DFCB-4039-BE9C-70094664551C}.Debug|x64.Build.0 = Debug|x64
		{E90DB324-DFCB-4039-BE9C-70094664551C}.Debug|x86.ActiveCfg = Debug|Win32
		{E90DB324-DFCB-4039-BE9C-70094664551C}.Debug|x86.Build.0 = Debug|Win32
		{E90DB324-DFCB-4039-BE9C-70094664551C}.Release|x64.ActiveCfg = Release|x64
		{E90DB324-DFCB-4039-BE9C-70094664551C}.Release|x64.Build.0 = Release|x64
		{E90DB324-DFCB-4039-BE9C-70094664551C}.Release|x86.ActiveCfg = Release|Win32
		{E90DB324-DFCB-4039-BE9C-70094664551C}.Release|x86.Build.0 = Release|Win32
		{416C7F59-6122-4AA2-AB1E-02341CBD5334}.Debug|x64.ActiveCfg = Debug|x64
		{416C7F59-6122-4AA2-AB1E-02341CBD5334}.Debug|x64.Build.0 = Debug|x64
		{416C7F59-6122-4AA2-AB1E-02341CBD5334}.Debug|x86.ActiveCfg = Debug|Win32
		{416C7F59-6122-4AA2-AB1E-02341CBD5334}.Debug|x86.Build.0 = Debug|Win32
		{416C7F59-6122-4AA2-AB1E-02341CBD5334}.Release|x64.ActiveCfg = Release|x64
		{416C7F59-6122-4AA2-AB1E-02341CBD5334}.Release|x64.Build.0 = Release|x64
		{416C7F59-6122-4AA2-AB1E-02341CBD5334}.Release|x86.ActiveCfg = Release|Win32
		{416C7F59-6122-4AA2-AB1E-02341CBD5334}.Release|x86.Build.0 = Release|Win32
		{E1387C9B-53C2-44CC-9C98-8A2F77E5D3B4}.Debug|x64.ActiveCfg = Debug|x64
		{E1387C9B-53C2-44CC-9C98-8A2F77E5D3B4}.Debug|x64.Build.0 = Debug|x64
		{E1387C9B-53C2-44CC-9C98-8A2F77E5D3B4}.Debug|x86.ActiveCfg = Debug|Win32
		{E1387C9B-53C2-44CC-9C98-8A2F77E5D3B4}.Debug|x86.Build.0 = Debug|Win32
		{E1387C9B-53C2-44CC-9C98-8A2F77E5D3B4}.Release|x64.ActiveCfg = Release|x64
		{E1387C9B-53C2-44CC-9C98-8A2F77E5D3B4}.Release|x64.Build.0 = Release|x64
		{E1387C9B-53C2-44CC-9C98-8A2F77E5D3B4}.Release|x86.ActiveCfg = Release|Win32
		{E1387C9B-53C2-44CC-9C98-8A2F77E5D3B4}.Release|x86.Build.0 = Release|Win32
		{D3BE09BB-FCBA-4C65-8814-CAD58138CDED}.Debug|x64.ActiveCfg = Debug|x64
		{D3BE09BB-FCBA-4C65-8814-CAD58138CDED}.Debug|x64.Build.0 = Debug|x64
		{D3BE09BB-FCBA-4C65-8814-CAD58138CDED}.Debug|x86.ActiveCfg = Debug|Win32
		{D3BE09BB-FCBA-4C65-8814-CAD58138CDED}.Debug|x86.Build.0 = Debug|Win32
		{D3BE09BB-FCBA-4C65-8814-CAD58138CDED}.Release|x64.ActiveCfg = Release|x64
		{D3BE09BB-FCBA-4C65-8814-CAD58138CDED}.Release|x64.Build.0 = Release|x64
		{D3BE09BB-FCBA-4C65-8814-CAD58138CDED}.Release|x86.ActiveCfg = Release|Win32
		{D3BE09BB-FCBA-4C65-8814-CAD58138CDED}.Release|x86.Build.0 = Release|Win32
		{28628A2B-0B86-4E31-901C-9B8B88E3C19B}.Debug|x64.ActiveCfg = Debug|x64
		{28628A2B-0B86-4E31-901C-9B8B88E3C19B}.Debug|x64.Build.0 = Debug|x64
		{28628A2B-0B86-4E31-901C-9B8B88E3C19B}.Debug|x86.ActiveCfg = Debug|Win32
		{28628A2B-0B86-4E31-901C-9B8B88E3C19B}.Debug|x86.Build.0 = Debug|Win32
		{28628A2B-0B86-4E31-901C-9B8B88E3C19B}.Release|x64.ActiveCfg = Release|x64
		{28628A2B-0B86-4E31-901C-9B8B88E3C19B}.Release|x64.Build.0 = Release|x64
		{28628A2B-0B86-4E31-901C-9B8B88E3C19B}.Release|x86.ActiveCfg = Release|Win32
		{28628A2B-0B86-4E31-901C-9B8B88E3C19B}.Release|x86.Build.0 = Release|Win32
		{3480CD1D-F14C-469A-A3DD-71304CD249AA}.Debug|x64.ActiveCfg = Debug|x64
		{3480CD1D-F14C-469A-A3DD-71304CD249AA}.Debug|x64.Build.0 = Debug|x64
		{3480CD1D-F14C-469A-A3DD-71304CD249AA}.Debug|x86.ActiveCfg = Debug|Win32
		{3480CD1D-F14C-469A-A3DD-71304CD249AA}.Debug|x86.Build.0 = Debug|Win32
		{3480CD1D-F14C-469A-A3DD-71304CD249AA}.Release|x64.ActiveCfg = Release|x64
		{3480CD1D-F14C-469A-A3DD-71304CD249AA}.Release|x64.Build.0 = Release|x64
		{3480CD1D-F14C-469A-A3DD-71304CD249AA}.Release|x86.ActiveCfg = Release|Win32
		{3480CD1D-F14C-469A-A3DD-71304CD249AA}.Release|x86.Build.0 = Release|Win32
		{A40007EB-6DAA-4C31-AAF9-5D88CD65A0DD}.Debug|x64.ActiveCfg = Debug|x64
		{A40007EB-6DAA-4C31-AAF9-5D88CD65A0DD}.Debug|x64.Build.0 = Debug|x64
		{A40007EB-6DAA-4C31-AAF9-5D88CD65A0DD}.Debug|x86.ActiveCfg = Debug|Win32
		{A40007EB-6DAA-4C31-AAF9-5D88CD65A0DD}.Debug|x86.Build.0 = Debug|Win32
		{A40007EB-6DAA-4C31-AAF9-5D88CD65A0DD}.Release|x64.ActiveCfg = Release|x64
		{A40007EB-6DAA-4C31-AAF9-5D88CD65A0DD}.Release|x64.Build.0 = Release|x64
		{A40007EB-6DAA-4C31-AAF9-5D88CD65A0DD}.Release|x86.ActiveCfg = Release|Win32
		{A40007EB-6DAA-4C31-AAF9-5D88CD65A0DD}.Release|x86.Build.0 = Release|Win32
		{C05609CF-22F6-444B-89D1-0C890801BC27}.Debug|x64.ActiveCfg = Debug|x64
		{C05609CF-22F6-444B-89D1-0C890801BC27}.Debug|x64.Build.0 = Debug|x64
		{C05609CF-22F6-444B-89D1-0C890801BC27}.Debug|x86.ActiveCfg = Debug|Win32
		{C05609CF-22F6-444B-89D1-0C890801BC27}.Debug|x86.Build.0 = Debug|Win32
		{C05609CF-22F6-444B-89D1-0C890801BC27}.Release|x64.ActiveCfg = Release|x64
		{C05609CF-22F6-444B-89D1-0C890801BC27}.Release|x64.Build.0 = Release|x64
		{C05609CF-22F6-444B-89D1-0C890801BC27}.Release|x86.ActiveCfg = Release|Win32
		{C05609CF-22F6-444B-89D1-0C890801BC27}.Release|x86.Build.0 = Release|Win32
		{B6A5BF18-F2AE-4E16-B7AA-D43EC6CBBC2B}.Debug|x64.ActiveCfg = Debug|x64
		{B6A5BF18-F2AE-4E16-B7AA-D43EC6CBBC2B}.Debug|x64.Build.0 = Debug|x64
		{B6A5BF18-F2AE-4E16-B7AA-D43EC6CBBC2B}.Debug|x86.ActiveCfg = Debug|Win32
		{B6A5BF18-F2AE-4E16-B7AA-D43EC6CBBC2B}.Debug|x86.Build.0 = Debug|Win32
		{B6A5BF18-F2AE-4E16-B7AA-D43EC6CBBC2B}.Release|x64.ActiveCfg = Release|x64
		{B6A5BF18-F2AE-4E16-B7AA-D43EC6CBBC2B}.Release|x64.Build.0 = Release|x64
		{B6A5BF18-F2AE-4E16-B7AA-D43EC6CBBC2B}.Release|x86.ActiveCfg = Release|Win32
		{B6A5BF18-F2AE-4E16-B7AA-D43EC6CBBC2B}.Release|x86.Build.0 = Release|Win32
		{980FEC64-1E38-4336-80E2-1484741B91BA}.Debug|x64.ActiveCfg = Debug|x64
		{980FEC64-1E38-4336-80E2-1484741B91BA}.Debug|x64.Build.0 = Debug|x64
		{980FEC64-1E38-4336-80E2-1484741B91BA}.Debug|x86.ActiveCfg = Debug|Win32
		{980FEC64-1E38-4336-80E2-1484741B91BA}.Debug|x86.Build.0 = Debug|Win32
		{980FEC64-1E38-4336-80E2-1484741B91BA}.Release|x64.ActiveCfg = Release|x64
		{980FEC64-1E38-4336-80E2-1484741B91BA}.Release|x64.Build.0 = Release|x64
		{980FEC64-1E38-4336-80E2-1484741B91BA}.Release|x86.ActiveCfg = Release|Win32
		{980FEC64-1E38-4336-80E2-1484741B91BA}.Release|x86.Build.0 = Release|Win32
		{CC5AEE00-D604-4153-8854-0CD6A3F36873}.Debug|x64.ActiveCfg = Debug|x64
		{CC5AEE00-D604-4153-8854-0CD6A3F36873}.Debug|x64.Build.0 = Debug|x64
		{CC5AEE00-D604-4153-8854-0CD6A3F36873}.Debug|x86.ActiveCfg = Debug|Win32
		{CC5AEE00-D604-4153-8854-0CD6A3F36873}.Debug|x86.Build.0 = Debug|Win32
		{CC5AEE00-D604-4153-8854-0CD6A3F36873}.Release|x64.ActiveCfg = Release|x64
		{CC5AEE00-D604-4153-8854-0CD6A3F36873}.Release|x64.Build.0 = Release|x64
		{CC5AEE00-D604-4153-8854-0CD6A3F36873}.Release|x86.ActiveCfg = Release|Win32
		{CC5AEE00-D604-4153-8854-0CD6A3F36873}.Release|x86.Build.0 = Release|Win32
		{E1393D5A-377C-43A2-9E3C-3B8AFAF6ADA0}.Debug|x64.ActiveCfg = Debug|x64
		{E1393D5A-377C-43A2-9E3C-3B8AFAF6ADA0}.Debug|x64.Build.0 = Debug|x64
		{E1393D5A-377C-43A2-9E3C-3B8AFAF6ADA0}.Debug|x86.ActiveCfg = Debug|Win32
		{E1393D5A-377C-43A2-9E3C-3B8AFAF6ADA0}.Debug|x86.Build.0 = Debug|Win32
		{E1393D5A-377C-43A2-9E3C-3B8AFAF6ADA0}.Release|x64.ActiveCfg = Release|x64
		{E1393D5A-377C-43A2-9E3C-3B8AFAF6ADA0}.Release|x64.Build.0 = Release|x64
		{E1393D5A-377C-43A2-9E3C-3B8AFAF6ADA0}.Release|x86.ActiveCfg = Release|Win32
		{E1393D5A-377C-43A2-9E3C-3B8AFAF6ADA0}.Release|x86.Build.0 = Release|Win32
		{DDA2D9B0-DF3A-4FF3-AD19-F802C2B2194C}.Debug|x64.ActiveCfg = Debug|x64
		{DDA2D9B0-DF3A-4FF3-AD19-F802C2B2194C}.Debug|x64.Build.0 = Debug|x64
		{DDA2D9B0-DF3A-4FF3-AD19-F802C2B2194C}.Debug|x86.ActiveCfg = Debug|Win32
		{DDA2D9B0-DF3A-4FF3-AD19-F802C2B2194C}.Debug|x86.Build.0 = Debug|Win32
		{DDA2D9B0-DF3A-4FF3-AD19-F802C2B2194C}.Release|x64.ActiveCfg = Release|x64
		{DDA2D9B0-DF3A-4FF3-AD19-F802C2B2194C}.Release|x64.Build.0 = Release|x64
		{DDA2D9B0-DF3A-4FF3-AD19-F802C2B2194C}.Release|x86.ActiveCfg = Release|Win32
		{DDA2D9B0-DF3A-4FF3-AD19-F802C2B2194C}.Release|x86.Build.0 = Release|Win32
		{A9C031EF-9460-4E81-BD73-281A1066F3D1}.Debug|x64.ActiveCfg = Debug|x64
		{A9C031EF-9460-4E81-BD73-281A1066F3D1}.Debug|x64.Build.0 = Debug|x64
		{A9C031EF-9460-4E81-BD73-281A1066F3D1}.Debug|x86.ActiveCfg = Debug|Win32
		{A9C031EF-9460-4E81-BD73-281A1066F3D1}.Debug|x86.Build.0 = Debug|Win32
		{A9C031EF-9460-4E81-BD73-281A1066F3D1}.Release|x64.ActiveCfg = Release|x64
		{A9C031EF-9460-4E81-BD73-281A1066F3D1}.Release|x64.Build.0 = Release|x64
		{A9C031EF-9460-4E81-BD73-281A1066F3D1}.Release|x86.ActiveCfg = Release|Win32
		{A9C031EF-9460-4E81-BD73-281A1066F3D1}.Release|x86.Build.0 = Release|Win32
		{B2676E11-1B49-48B0-98D4-C7EC3DD2E1E4}.Debug|x64.ActiveCfg = Debug|x64
		{B2676E11-1B49-48B0-98D4-C7EC3DD2E1E4}.Debug|x64.Build.0 = Debug|x64
		{B2676E11-1B49-48B0-98D4-C7EC3DD2E1E4}.Debug|x86.ActiveCfg = Debug|Win32
		{B2676E11-1B49-48B0-98D4-C7EC3DD2E1E4}.Debug|x86.Build.0 = Debug|Win32
		{B2676E11-1B49-48B0-98D4-C7EC3DD2E1E4}.Release|x64.ActiveCfg = Release|x64
		{B2676E11-1B49-48B0-98D4-C7EC3DD2E1E4}.Release|x64.Build.0 = Release|x64
		{B2676E11-1B49-48B0-98D4-C7EC3DD2E1E4}.Release|x86.ActiveCfg = Release|Win32
		{B2676E11-1B49-48B0-98D4-C7EC3DD2E1E4}.Release|x86.Build.0 = Release|Win32
		{58935A75-939B-47F3-9212-A61B1ECC273C}.Debug|x64.ActiveCfg = Debug|x64
		{58935A75-939B-47F3-9212-A61B1ECC273C}.Debug|x64.Build.0 = Debug|x64
		{58935A75-939B-47F3-9212-A61B1ECC273C}.Debug|x86.ActiveCfg = Debug|Win32
		{58935A75-939B-47F3-9212-A61B1ECC273C}.Debug|x86.Build.0 = Debug|Win32
		{58935A75-939B-47F3-9212-A61B1ECC273C}.Release|x64.ActiveCfg = Release|x64
		{58935A75-939B-47F3-9212-A61B1ECC273C}.Release|x64.Build.0 = Release|x64
		{58935A75-939B-47F3-9212-A61B1ECC273C}.Release|x86.ActiveCfg = Release|Win32
		{58935A75-939B-47F3-9212-A61B1ECC273C}.Release|x86.Build.0 = Release|Win32
		{63B065C7-061D-40D3-8BCD-54B9366398FE}.Debug|x64.ActiveCfg = Debug|x64
		{63B065C7-061D-40D3-8BCD-54B9366398FE}.Debug|x64.Build.0 = Debug|x64
		{63B065C7-061D-40D3-8BCD-54B9366398FE}.Debug|x86.ActiveCfg = Debug|Win32
		{63B065C7-061D-40D3-8BCD-54B9366398FE}.Debug|x86.Build.0 = Debug|Win32
		{63B065C7-061D-40D3-8BCD-54B9366398FE}.Release|x64.ActiveCfg = Release|x64
		{63B065C7-061D-40D3-8BCD-54B9366398FE}.Release|x64.Build.0 = Release|x64
		{63B065C7-061D-40D3-8BCD-54B9366398FE}.Release|x86.ActiveCfg = Release|Win32
		{63B065C7-061D-40D3-8BCD-54B9366398FE}.Release|x86.Build.0 = Release|Win32
		{B2D29C27-197D-489D-9411-37A96E385C81}.Debug|x64.ActiveCfg = Debug|x64
		{B2D29C27-197D-489D-9411-37A96E385C81}.Debug|x64.Build.0 = Debug|x64
		{B2D29C27-197D-489D-9411-37A96E385C81}.Debug|x86.ActiveCfg = Debug|Win32
		{B2D29C27-197D-489D-9411-37A96E385C81}.Debug|x86.Build.0 = Debug|Win32
		{B2D29C27-197D-489D-9411-37A96E385C81}.Release|x64.ActiveCfg = Release|x64
		{B2D29C27-197D-489D-9411-37A96E385C81}.Release|x64.Build.0 = Release|x64
		{B2D29C27-197D-489D-9411-37A96E385C81}.Release|x86.ActiveCfg = Release|Win32
		{B2D29C27-197D-489D-9411-37A96E385C81}.Release|x86.Build.0 = Release|Win32
		{305A1E77-FE76-461E-B898-23CC54CD83AC}.Debug|x64.ActiveCfg = Debug|x64
		{305A1E77-FE76-461E-B898-23CC54CD83AC}.Debug|x64.Build.0 = Debug|x64
		{305A1E77-FE76-461E-B898-23CC54CD83AC}.Debug|x86.ActiveCfg = Debug|Win32
		{305A1E77-FE76-461E-B898-23CC54CD83AC}.Debug|x86.Build.0 = Debug|Win32
		{305A1E77-FE76-461E-B898-23CC54CD83AC}.Release|x64.ActiveCfg = Release|x64
		{305A1E77-FE76-461E-B898-23CC54CD83AC}.Release|x64.Build.0 = Release|x64
		{305A1E77-FE76-461E-B898-23CC54CD83AC}.Release|x86.ActiveCfg = Release|Win32
		{305A1E77-FE76-461E-B898-23CC54CD83AC}.Release|x86.Build.0 = Release|Win32
	EndGlobalSection
	GlobalSection(SolutionProperties) = preSolution
		HideSolutionNode = FALSE
	EndGlobalSection
	GlobalSection(ExtensibilityGlobals) = postSolution
		SolutionGuid = {B603FFF5-CC9F-41AD-B21A-60967DF96F71}
	EndGlobalSection
EndGlobal
